
Microsoft Visual Studio Solution File, Format Version 12.00
# Visual Studio 15
VisualStudioVersion = 15.0.28307.779
MinimumVisualStudioVersion = 10.0.40219.1
Project("{9A19103F-16F7-4668-BE54-9A1E7A4F7556}") = "PdbSourceIndexer", "PdbSourceIndexer\PdbSourceIndexer.csproj", "{9E8C14BA-8A8E-4BCE-9D11-6D87DF870EDC}"
EndProject
Global
	GlobalSection(SolutionConfigurationPlatforms) = preSolution
		Debug|Any CPU = Debug|Any CPU
		Release|Any CPU = Release|Any CPU
	EndGlobalSection
	GlobalSection(ProjectConfigurationPlatforms) = postSolution
		{9E8C14BA-8A8E-4BCE-9D11-6D87DF870EDC}.Debug|Any CPU.ActiveCfg = Debug|Any CPU
		{9E8C14BA-8A8E-4BCE-9D11-6D87DF870EDC}.Debug|Any CPU.Build.0 = Debug|Any CPU
		{9E8C14BA-8A8E-4BCE-9D11-6D87DF870EDC}.Release|Any CPU.ActiveCfg = Release|Any CPU
		{9E8C14BA-8A8E-4BCE-9D11-6D87DF870EDC}.Release|Any CPU.Build.0 = Release|Any CPU
	EndGlobalSection
	GlobalSection(SolutionProperties) = preSolution
		HideSolutionNode = FALSE
	EndGlobalSection
	GlobalSection(ExtensibilityGlobals) = postSolution
		SolutionGuid = {BF20E3B8-37FB-4C25-841D-42FC8C92F421}
	EndGlobalSection
EndGlobal
